// !$*UTF8*$!
{
	archiveVersion = 1;
	classes = {
	};
	objectVersion = 46;
	objects = {

/* Begin PBXBuildFile section */
		959AA8C81B0D4B3400E45E48 /* main.m in Sources */ = {isa = PBXBuildFile; fileRef = 959AA8C71B0D4B3400E45E48 /* main.m */; };
		959AA8CB1B0D4B3400E45E48 /* AppDelegate.m in Sources */ = {isa = PBXBuildFile; fileRef = 959AA8CA1B0D4B3400E45E48 /* AppDelegate.m */; };
		959AA8CD1B0D4B3400E45E48 /* Images.xcassets in Resources */ = {isa = PBXBuildFile; fileRef = 959AA8CC1B0D4B3400E45E48 /* Images.xcassets */; };
		959AA8D01B0D4B3400E45E48 /* LaunchScreen.xib in Resources */ = {isa = PBXBuildFile; fileRef = 959AA8CE1B0D4B3400E45E48 /* LaunchScreen.xib */; };
		959AA8DC1B0D4B3400E45E48 /* HomepwnerTests.m in Sources */ = {isa = PBXBuildFile; fileRef = 959AA8DB1B0D4B3400E45E48 /* HomepwnerTests.m */; };
		959AA8EB1B0D515F00E45E48 /* BNRItemsViewController.m in Sources */ = {isa = PBXBuildFile; fileRef = 959AA8EA1B0D515F00E45E48 /* BNRItemsViewController.m */; };
		959AA8EE1B0D577900E45E48 /* BNRItem.m in Sources */ = {isa = PBXBuildFile; fileRef = 959AA8ED1B0D577900E45E48 /* BNRItem.m */; };
		959AA8F11B0D58B700E45E48 /* BNRItemStore.m in Sources */ = {isa = PBXBuildFile; fileRef = 959AA8F01B0D58B700E45E48 /* BNRItemStore.m */; };
		95B807A51B102DFD00D2B97D /* BNRDetailViewController.m in Sources */ = {isa = PBXBuildFile; fileRef = 95B807A31B102DFD00D2B97D /* BNRDetailViewController.m */; };
		95B807A61B102DFD00D2B97D /* BNRDetailViewController.xib in Resources */ = {isa = PBXBuildFile; fileRef = 95B807A41B102DFD00D2B97D /* BNRDetailViewController.xib */; };
/* End PBXBuildFile section */

/* Begin PBXContainerItemProxy section */
		959AA8D61B0D4B3400E45E48 /* PBXContainerItemProxy */ = {
			isa = PBXContainerItemProxy;
			containerPortal = 959AA8BA1B0D4B3400E45E48 /* Project object */;
			proxyType = 1;
			remoteGlobalIDString = 959AA8C11B0D4B3400E45E48;
			remoteInfo = Homepwner;
		};
/* End PBXContainerItemProxy section */

/* Begin PBXFileReference section */
		955B23EF1B0D6D9400A847D9 /* BNRItemStore.h */ = {isa = PBXFileReference; lastKnownFileType = sourcecode.c.h; name = BNRItemStore.h; path = ../BNRItemStore.h; sourceTree = "<group>"; };
		959AA8C21B0D4B3400E45E48 /* Homepwner.app */ = {isa = PBXFileReference; explicitFileType = wrapper.application; includeInIndex = 0; path = Homepwner.app; sourceTree = BUILT_PRODUCTS_DIR; };
		959AA8C61B0D4B3400E45E48 /* Info.plist */ = {isa = PBXFileReference; lastKnownFileType = text.plist.xml; path = Info.plist; sourceTree = "<group>"; };
		959AA8C71B0D4B3400E45E48 /* main.m */ = {isa = PBXFileReference; lastKnownFileType = sourcecode.c.objc; path = main.m; sourceTree = "<group>"; };
		959AA8C91B0D4B3400E45E48 /* AppDelegate.h */ = {isa = PBXFileReference; lastKnownFileType = sourcecode.c.h; path = AppDelegate.h; sourceTree = "<group>"; };
		959AA8CA1B0D4B3400E45E48 /* AppDelegate.m */ = {isa = PBXFileReference; lastKnownFileType = sourcecode.c.objc; path = AppDelegate.m; sourceTree = "<group>"; };
		959AA8CC1B0D4B3400E45E48 /* Images.xcassets */ = {isa = PBXFileReference; lastKnownFileType = folder.assetcatalog; path = Images.xcassets; sourceTree = "<group>"; };
		959AA8CF1B0D4B3400E45E48 /* Base */ = {isa = PBXFileReference; lastKnownFileType = file.xib; name = Base; path = Base.lproj/LaunchScreen.xib; sourceTree = "<group>"; };
		959AA8D51B0D4B3400E45E48 /* HomepwnerTests.xctest */ = {isa = PBXFileReference; explicitFileType = wrapper.cfbundle; includeInIndex = 0; path = HomepwnerTests.xctest; sourceTree = BUILT_PRODUCTS_DIR; };
		959AA8DA1B0D4B3400E45E48 /* Info.plist */ = {isa = PBXFileReference; lastKnownFileType = text.plist.xml; path = Info.plist; sourceTree = "<group>"; };
		959AA8DB1B0D4B3400E45E48 /* HomepwnerTests.m */ = {isa = PBXFileReference; lastKnownFileType = sourcecode.c.objc; path = HomepwnerTests.m; sourceTree = "<group>"; };
		959AA8E91B0D515F00E45E48 /* BNRItemsViewController.h */ = {isa = PBXFileReference; fileEncoding = 4; lastKnownFileType = sourcecode.c.h; name = BNRItemsViewController.h; path = ../BNRItemsViewController.h; sourceTree = "<group>"; };
		959AA8EA1B0D515F00E45E48 /* BNRItemsViewController.m */ = {isa = PBXFileReference; fileEncoding = 4; lastKnownFileType = sourcecode.c.objc; name = BNRItemsViewController.m; path = ../BNRItemsViewController.m; sourceTree = "<group>"; };
		959AA8EC1B0D577900E45E48 /* BNRItem.h */ = {isa = PBXFileReference; fileEncoding = 4; lastKnownFileType = sourcecode.c.h; path = BNRItem.h; sourceTree = "<group>"; };
		959AA8ED1B0D577900E45E48 /* BNRItem.m */ = {isa = PBXFileReference; fileEncoding = 4; lastKnownFileType = sourcecode.c.objc; path = BNRItem.m; sourceTree = "<group>"; };
		959AA8F01B0D58B700E45E48 /* BNRItemStore.m */ = {isa = PBXFileReference; fileEncoding = 4; lastKnownFileType = sourcecode.c.objc; path = BNRItemStore.m; sourceTree = "<group>"; };
		95B807A21B102DFD00D2B97D /* BNRDetailViewController.h */ = {isa = PBXFileReference; fileEncoding = 4; lastKnownFileType = sourcecode.c.h; path = BNRDetailViewController.h; sourceTree = "<group>"; };
		95B807A31B102DFD00D2B97D /* BNRDetailViewController.m */ = {isa = PBXFileReference; fileEncoding = 4; lastKnownFileType = sourcecode.c.objc; path = BNRDetailViewController.m; sourceTree = "<group>"; };
		95B807A41B102DFD00D2B97D /* BNRDetailViewController.xib */ = {isa = PBXFileReference; fileEncoding = 4; lastKnownFileType = file.xib; path = BNRDetailViewController.xib; sourceTree = "<group>"; };
/* End PBXFileReference section */

/* Begin PBXFrameworksBuildPhase section */
		959AA8BF1B0D4B3400E45E48 /* Frameworks */ = {
			isa = PBXFrameworksBuildPhase;
			buildActionMask = 2147483647;
			files = (
			);
			runOnlyForDeploymentPostprocessing = 0;
		};
		959AA8D21B0D4B3400E45E48 /* Frameworks */ = {
			isa = PBXFrameworksBuildPhase;
			buildActionMask = 2147483647;
			files = (
			);
			runOnlyForDeploymentPostprocessing = 0;
		};
/* End PBXFrameworksBuildPhase section */

/* Begin PBXGroup section */
		959AA8B91B0D4B3400E45E48 = {
			isa = PBXGroup;
			children = (
				959AA8C41B0D4B3400E45E48 /* Homepwner */,
				959AA8D81B0D4B3400E45E48 /* HomepwnerTests */,
				959AA8C31B0D4B3400E45E48 /* Products */,
			);
			sourceTree = "<group>";
		};
		959AA8C31B0D4B3400E45E48 /* Products */ = {
			isa = PBXGroup;
			children = (
				959AA8C21B0D4B3400E45E48 /* Homepwner.app */,
				959AA8D51B0D4B3400E45E48 /* HomepwnerTests.xctest */,
			);
			name = Products;
			sourceTree = "<group>";
		};
		959AA8C41B0D4B3400E45E48 /* Homepwner */ = {
			isa = PBXGroup;
			children = (
				959AA8E91B0D515F00E45E48 /* BNRItemsViewController.h */,
				959AA8EA1B0D515F00E45E48 /* BNRItemsViewController.m */,
				959AA8C91B0D4B3400E45E48 /* AppDelegate.h */,
				955B23EF1B0D6D9400A847D9 /* BNRItemStore.h */,
				959AA8F01B0D58B700E45E48 /* BNRItemStore.m */,
				959AA8CA1B0D4B3400E45E48 /* AppDelegate.m */,
				95B807A21B102DFD00D2B97D /* BNRDetailViewController.h */,
				95B807A31B102DFD00D2B97D /* BNRDetailViewController.m */,
				95B807A41B102DFD00D2B97D /* BNRDetailViewController.xib */,
				959AA8EC1B0D577900E45E48 /* BNRItem.h */,
				959AA8ED1B0D577900E45E48 /* BNRItem.m */,
				959AA8CC1B0D4B3400E45E48 /* Images.xcassets */,
				959AA8CE1B0D4B3400E45E48 /* LaunchScreen.xib */,
				959AA8C51B0D4B3400E45E48 /* Supporting Files */,
			);
			path = Homepwner;
			sourceTree = "<group>";
		};
		959AA8C51B0D4B3400E45E48 /* Supporting Files */ = {
			isa = PBXGroup;
			children = (
				959AA8C61B0D4B3400E45E48 /* Info.plist */,
				959AA8C71B0D4B3400E45E48 /* main.m */,
			);
			name = "Supporting Files";
			sourceTree = "<group>";
		};
		959AA8D81B0D4B3400E45E48 /* HomepwnerTests */ = {
			isa = PBXGroup;
			children = (
				959AA8DB1B0D4B3400E45E48 /* HomepwnerTests.m */,
				959AA8D91B0D4B3400E45E48 /* Supporting Files */,
			);
			path = HomepwnerTests;
			sourceTree = "<group>";
		};
		959AA8D91B0D4B3400E45E48 /* Supporting Files */ = {
			isa = PBXGroup;
			children = (
				959AA8DA1B0D4B3400E45E48 /* Info.plist */,
			);
			name = "Supporting Files";
			sourceTree = "<group>";
		};
/* End PBXGroup section */

/* Begin PBXNativeTarget section */
		959AA8C11B0D4B3400E45E48 /* Homepwner */ = {
			isa = PBXNativeTarget;
			buildConfigurationList = 959AA8DF1B0D4B3400E45E48 /* Build configuration list for PBXNativeTarget "Homepwner" */;
			buildPhases = (
				959AA8BE1B0D4B3400E45E48 /* Sources */,
				959AA8BF1B0D4B3400E45E48 /* Frameworks */,
				959AA8C01B0D4B3400E45E48 /* Resources */,
			);
			buildRules = (
			);
			dependencies = (
			);
			name = Homepwner;
			productName = Homepwner;
			productReference = 959AA8C21B0D4B3400E45E48 /* Homepwner.app */;
			productType = "com.apple.product-type.application";
		};
		959AA8D41B0D4B3400E45E48 /* HomepwnerTests */ = {
			isa = PBXNativeTarget;
			buildConfigurationList = 959AA8E21B0D4B3400E45E48 /* Build configuration list for PBXNativeTarget "HomepwnerTests" */;
			buildPhases = (
				959AA8D11B0D4B3400E45E48 /* Sources */,
				959AA8D21B0D4B3400E45E48 /* Frameworks */,
				959AA8D31B0D4B3400E45E48 /* Resources */,
			);
			buildRules = (
			);
			dependencies = (
				959AA8D71B0D4B3400E45E48 /* PBXTargetDependency */,
			);
			name = HomepwnerTests;
			productName = HomepwnerTests;
			productReference = 959AA8D51B0D4B3400E45E48 /* HomepwnerTests.xctest */;
			productType = "com.apple.product-type.bundle.unit-test";
		};
/* End PBXNativeTarget section */

/* Begin PBXProject section */
		959AA8BA1B0D4B3400E45E48 /* Project object */ = {
			isa = PBXProject;
			attributes = {
				LastUpgradeCheck = 0630;
				ORGANIZATIONNAME = dnwin;
				TargetAttributes = {
					959AA8C11B0D4B3400E45E48 = {
						CreatedOnToolsVersion = 6.3;
						DevelopmentTeam = D7444GWDLH;
					};
					959AA8D41B0D4B3400E45E48 = {
						CreatedOnToolsVersion = 6.3;
						TestTargetID = 959AA8C11B0D4B3400E45E48;
					};
				};
			};
			buildConfigurationList = 959AA8BD1B0D4B3400E45E48 /* Build configuration list for PBXProject "Homepwner" */;
			compatibilityVersion = "Xcode 3.2";
			developmentRegion = English;
			hasScannedForEncodings = 0;
			knownRegions = (
				en,
				Base,
			);
			mainGroup = 959AA8B91B0D4B3400E45E48;
			productRefGroup = 959AA8C31B0D4B3400E45E48 /* Products */;
			projectDirPath = "";
			projectRoot = "";
			targets = (
				959AA8C11B0D4B3400E45E48 /* Homepwner */,
				959AA8D41B0D4B3400E45E48 /* HomepwnerTests */,
			);
		};
/* End PBXProject section */

/* Begin PBXResourcesBuildPhase section */
		959AA8C01B0D4B3400E45E48 /* Resources */ = {
			isa = PBXResourcesBuildPhase;
			buildActionMask = 2147483647;
			files = (
				95B807A61B102DFD00D2B97D /* BNRDetailViewController.xib in Resources */,
				959AA8D01B0D4B3400E45E48 /* LaunchScreen.xib in Resources */,
				959AA8CD1B0D4B3400E45E48 /* Images.xcassets in Resources */,
			);
			runOnlyForDeploymentPostprocessing = 0;
		};
		959AA8D31B0D4B3400E45E48 /* Resources */ = {
			isa = PBXResourcesBuildPhase;
			buildActionMask = 2147483647;
			files = (
			);
			runOnlyForDeploymentPostprocessing = 0;
		};
/* End PBXResourcesBuildPhase section */

/* Begin PBXSourcesBuildPhase section */
		959AA8BE1B0D4B3400E45E48 /* Sources */ = {
			isa = PBXSourcesBuildPhase;
			buildActionMask = 2147483647;
			files = (
				95B807A51B102DFD00D2B97D /* BNRDetailViewController.m in Sources */,
				959AA8F11B0D58B700E45E48 /* BNRItemStore.m in Sources */,
				959AA8EB1B0D515F00E45E48 /* BNRItemsViewController.m in Sources */,
				959AA8EE1B0D577900E45E48 /* BNRItem.m in Sources */,
				959AA8CB1B0D4B3400E45E48 /* AppDelegate.m in Sources */,
				959AA8C81B0D4B3400E45E48 /* main.m in Sources */,
			);
			runOnlyForDeploymentPostprocessing = 0;
		};
		959AA8D11B0D4B3400E45E48 /* Sources */ = {
			isa = PBXSourcesBuildPhase;
			buildActionMask = 2147483647;
			files = (
				959AA8DC1B0D4B3400E45E48 /* HomepwnerTests.m in Sources */,
			);
			runOnlyForDeploymentPostprocessing = 0;
		};
/* End PBXSourcesBuildPhase section */

/* Begin PBXTargetDependency section */
		959AA8D71B0D4B3400E45E48 /* PBXTargetDependency */ = {
			isa = PBXTargetDependency;
			target = 959AA8C11B0D4B3400E45E48 /* Homepwner */;
			targetProxy = 959AA8D61B0D4B3400E45E48 /* PBXContainerItemProxy */;
		};
/* End PBXTargetDependency section */

/* Begin PBXVariantGroup section */
		959AA8CE1B0D4B3400E45E48 /* LaunchScreen.xib */ = {
			isa = PBXVariantGroup;
			children = (
				959AA8CF1B0D4B3400E45E48 /* Base */,
			);
			name = LaunchScreen.xib;
			sourceTree = "<group>";
		};
/* End PBXVariantGroup section */

/* Begin XCBuildConfiguration section */
		959AA8DD1B0D4B3400E45E48 /* Debug */ = {
			isa = XCBuildConfiguration;
			buildSettings = {
				ALWAYS_SEARCH_USER_PATHS = NO;
				CLANG_CXX_LANGUAGE_STANDARD = "gnu++0x";
				CLANG_CXX_LIBRARY = "libc++";
				CLANG_ENABLE_MODULES = YES;
				CLANG_ENABLE_OBJC_ARC = YES;
				CLANG_WARN_BOOL_CONVERSION = YES;
				CLANG_WARN_CONSTANT_CONVERSION = YES;
				CLANG_WARN_DIRECT_OBJC_ISA_USAGE = YES_ERROR;
				CLANG_WARN_EMPTY_BODY = YES;
				CLANG_WARN_ENUM_CONVERSION = YES;
				CLANG_WARN_INT_CONVERSION = YES;
				CLANG_WARN_OBJC_ROOT_CLASS = YES_ERROR;
				CLANG_WARN_UNREACHABLE_CODE = YES;
				CLANG_WARN__DUPLICATE_METHOD_MATCH = YES;
				"CODE_SIGN_IDENTITY[sdk=iphoneos*]" = "iPhone Developer";
				COPY_PHASE_STRIP = NO;
				DEBUG_INFORMATION_FORMAT = "dwarf-with-dsym";
				ENABLE_STRICT_OBJC_MSGSEND = YES;
				GCC_C_LANGUAGE_STANDARD = gnu99;
				GCC_DYNAMIC_NO_PIC = NO;
				GCC_NO_COMMON_BLOCKS = YES;
				GCC_OPTIMIZATION_LEVEL = 0;
				GCC_PREPROCESSOR_DEFINITIONS = (
					"DEBUG=1",
					"$(inherited)",
				);
				GCC_SYMBOLS_PRIVATE_EXTERN = NO;
				GCC_WARN_64_TO_32_BIT_CONVERSION = YES;
				GCC_WARN_ABOUT_RETURN_TYPE = YES_ERROR;
				GCC_WARN_UNDECLARED_SELECTOR = YES;
				GCC_WARN_UNINITIALIZED_AUTOS = YES_AGGRESSIVE;
				GCC_WARN_UNUSED_FUNCTION = YES;
				GCC_WARN_UNUSED_VARIABLE = YES;
				IPHONEOS_DEPLOYMENT_TARGET = 8.3;
				MTL_ENABLE_DEBUG_INFO = YES;
				ONLY_ACTIVE_ARCH = YES;
				SDKROOT = iphoneos;
			};
			name = Debug;
		};
		959AA8DE1B0D4B3400E45E48 /* Release */ = {
			isa = XCBuildConfiguration;
			buildSettings = {
				ALWAYS_SEARCH_USER_PATHS = NO;
				CLANG_CXX_LANGUAGE_STANDARD = "gnu++0x";
				CLANG_CXX_LIBRARY = "libc++";
				CLANG_ENABLE_MODULES = YES;
				CLANG_ENABLE_OBJC_ARC = YES;
				CLANG_WARN_BOOL_CONVERSION = YES;
				CLANG_WARN_CONSTANT_CONVERSION = YES;
				CLANG_WARN_DIRECT_OBJC_ISA_USAGE = YES_ERROR;
				CLANG_WARN_EMPTY_BODY = YES;
				CLANG_WARN_ENUM_CONVERSION = YES;
				CLANG_WARN_INT_CONVERSION = YES;
				CLANG_WARN_OBJC_ROOT_CLASS = YES_ERROR;
				CLANG_WARN_UNREACHABLE_CODE = YES;
				CLANG_WARN__DUPLICATE_METHOD_MATCH = YES;
				"CODE_SIGN_IDENTITY[sdk=iphoneos*]" = "iPhone Developer";
				COPY_PHASE_STRIP = NO;
				DEBUG_INFORMATION_FORMAT = "dwarf-with-dsym";
				ENABLE_NS_ASSERTIONS = NO;
				ENABLE_STRICT_OBJC_MSGSEND = YES;
				GCC_C_LANGUAGE_STANDARD = gnu99;
				GCC_NO_COMMON_BLOCKS = YES;
				GCC_WARN_64_TO_32_BIT_CONVERSION = YES;
				GCC_WARN_ABOUT_RETURN_TYPE = YES_ERROR;
				GCC_WARN_UNDECLARED_SELECTOR = YES;
				GCC_WARN_UNINITIALIZED_AUTOS = YES_AGGRESSIVE;
				GCC_WARN_UNUSED_FUNCTION = YES;
				GCC_WARN_UNUSED_VARIABLE = YES;
				IPHONEOS_DEPLOYMENT_TARGET = 8.3;
				MTL_ENABLE_DEBUG_INFO = NO;
				SDKROOT = iphoneos;
				VALIDATE_PRODUCT = YES;
			};
			name = Release;
		};
		959AA8E01B0D4B3400E45E48 /* Debug */ = {
			isa = XCBuildConfiguration;
			buildSettings = {
				ASSETCATALOG_COMPILER_APPICON_NAME = AppIcon;
				CODE_SIGN_IDENTITY = "iPhone Developer";
				INFOPLIST_FILE = Homepwner/Info.plist;
				IPHONEOS_DEPLOYMENT_TARGET = 7.1;
				LD_RUNPATH_SEARCH_PATHS = "$(inherited) @executable_path/Frameworks";
				PRODUCT_NAME = "$(TARGET_NAME)";
			};
			name = Debug;
		};
		959AA8E11B0D4B3400E45E48 /* Release */ = {
			isa = XCBuildConfiguration;
			buildSettings = {
				ASSETCATALOG_COMPILER_APPICON_NAME = AppIcon;
				CODE_SIGN_IDENTITY = "iPhone Developer";
				INFOPLIST_FILE = Homepwner/Info.plist;
				IPHONEOS_DEPLOYMENT_TARGET = 7.1;
				LD_RUNPATH_SEARCH_PATHS = "$(inherited) @executable_path/Frameworks";
				PRODUCT_NAME = "$(TARGET_NAME)";
			};
			name = Release;
		};
		959AA8E31B0D4B3400E45E48 /* Debug */ = {
			isa = XCBuildConfiguration;
			buildSettings = {
				BUNDLE_LOADER = "$(TEST_HOST)";
				FRAMEWORK_SEARCH_PATHS = (
					"$(SDKROOT)/Developer/Library/Frameworks",
					"$(inherited)",
				);
				GCC_PREPROCESSOR_DEFINITIONS = (
					"DEBUG=1",
					"$(inherited)",
				);
				INFOPLIST_FILE = HomepwnerTests/Info.plist;
				LD_RUNPATH_SEARCH_PATHS = "$(inherited) @executable_path/Frameworks @loader_path/Frameworks";
				PRODUCT_NAME = "$(TARGET_NAME)";
				TEST_HOST = "$(BUILT_PRODUCTS_DIR)/Homepwner.app/Homepwner";
			};
			name = Debug;
		};
		959AA8E41B0D4B3400E45E48 /* Release */ = {
			isa = XCBuildConfiguration;
			buildSettings = {
				BUNDLE_LOADER = "$(TEST_HOST)";
				FRAMEWORK_SEARCH_PATHS = (
					"$(SDKROOT)/Developer/Library/Frameworks",
					"$(inherited)",
				);
				INFOPLIST_FILE = HomepwnerTests/Info.plist;
				LD_RUNPATH_SEARCH_PATHS = "$(inherited) @executable_path/Frameworks @loader_path/Frameworks";
				PRODUCT_NAME = "$(TARGET_NAME)";
				TEST_HOST = "$(BUILT_PRODUCTS_DIR)/Homepwner.app/Homepwner";
			};
			name = Release;
		};
/* End XCBuildConfiguration section */

/* Begin XCConfigurationList section */
		959AA8BD1B0D4B3400E45E48 /* Build configuration list for PBXProject "Homepwner" */ = {
			isa = XCConfigurationList;
			buildConfigurations = (
				959AA8DD1B0D4B3400E45E48 /* Debug */,
				959AA8DE1B0D4B3400E45E48 /* Release */,
			);
			defaultConfigurationIsVisible = 0;
			defaultConfigurationName = Release;
		};
		959AA8DF1B0D4B3400E45E48 /* Build configuration list for PBXNativeTarget "Homepwner" */ = {
			isa = XCConfigurationList;
			buildConfigurations = (
				959AA8E01B0D4B3400E45E48 /* Debug */,
				959AA8E11B0D4B3400E45E48 /* Release */,
			);
			defaultConfigurationIsVisible = 0;
			defaultConfigurationName = Release;
		};
		959AA8E21B0D4B3400E45E48 /* Build configuration list for PBXNativeTarget "HomepwnerTests" */ = {
			isa = XCConfigurationList;
			buildConfigurations = (
				959AA8E31B0D4B3400E45E48 /* Debug */,
				959AA8E41B0D4B3400E45E48 /* Release */,
			);
			defaultConfigurationIsVisible = 0;
			defaultConfigurationName = Release;
		};
/* End XCConfigurationList section */
	};
	rootObject = 959AA8BA1B0D4B3400E45E48 /* Project object */;
}
